github.com/kimjooyoon/gooo-decision-runtime v0.2.9-experimental h1:Q9smSJS5Z0PkgPImSu89yUJTvI3jvWVV07RaPZCvO78=
github.com/kimjooyoon/gooo-decision-runtime v0.2.9-experimental/go.mod h1:CZZpB8EgZRzGnNmzzttFMSfEOJIXAWXQuqvgzTXBhrk=
github.com/kimjooyoon/gooo-decision-runtime v0.2.10-experimental h1:uehFNOwIKbC3IKMdb4Qnx4pDGzx7EYLMvT8Ryuh/csc=
github.com/kimjooyoon/gooo-decision-runtime v0.2.10-experimental/go.mod h1:CZZpB8EgZRzGnNmzzttFMSfEOJIXAWXQuqvgzTXBhrk=
