github.com/kimjooyoon/gooo-decision-runtime v0.2.22-experimental h1:VnMhSfkJy6IJyzUEIwXheDvmwzxjE8iyZyXpC827wsw=
github.com/kimjooyoon/gooo-decision-runtime v0.2.22-experimental/go.mod h1:CZZpB8EgZRzGnNmzzttFMSfEOJIXAWXQuqvgzTXBhrk=
github.com/kimjooyoon/gooo-decision-runtime v0.2.23-experimental h1:znVn4vYy3A76M6qo7sHFKvfVGM1fKrifWjSIZhjqSrM=
github.com/kimjooyoon/gooo-decision-runtime v0.2.23-experimental/go.mod h1:CZZpB8EgZRzGnNmzzttFMSfEOJIXAWXQuqvgzTXBhrk=
