github.com/kimjooyoon/gooo-decision-runtime v0.2.11-experimental h1:E7JC0sAGPbtQQAIjeXDhN1jM/SnVY98sC3fK6v2Yrhg=
github.com/kimjooyoon/gooo-decision-runtime v0.2.11-experimental/go.mod h1:CZZpB8EgZRzGnNmzzttFMSfEOJIXAWXQuqvgzTXBhrk=
github.com/kimjooyoon/gooo-decision-runtime v0.2.12-experimental h1:xe5OyrT+QONQ6mePXEIF8HShFT/H3MOIM3Ilti47JFY=
github.com/kimjooyoon/gooo-decision-runtime v0.2.12-experimental/go.mod h1:CZZpB8EgZRzGnNmzzttFMSfEOJIXAWXQuqvgzTXBhrk=
